// !$*UTF8*$!
{
	archiveVersion = 1;
	classes = {
	};
	objectVersion = 50;
	objects = {

/* Begin PBXBuildFile section */
		4481808625F67BB90073E413 /* AppDelegate.swift in Sources */ = {isa = PBXBuildFile; fileRef = 4481808525F67BB90073E413 /* AppDelegate.swift */; };
		4481808825F67BB90073E413 /* SceneDelegate.swift in Sources */ = {isa = PBXBuildFile; fileRef = 4481808725F67BB90073E413 /* SceneDelegate.swift */; };
		4481808A25F67BB90073E413 /* ViewController.swift in Sources */ = {isa = PBXBuildFile; fileRef = 4481808925F67BB90073E413 /* ViewController.swift */; };
		4481808D25F67BB90073E413 /* Main.storyboard in Resources */ = {isa = PBXBuildFile; fileRef = 4481808B25F67BB90073E413 /* Main.storyboard */; };
		4481808F25F67BB90073E413 /* Assets.xcassets in Resources */ = {isa = PBXBuildFile; fileRef = 4481808E25F67BB90073E413 /* Assets.xcassets */; };
		4481809225F67BB90073E413 /* LaunchScreen.storyboard in Resources */ = {isa = PBXBuildFile; fileRef = 4481809025F67BB90073E413 /* LaunchScreen.storyboard */; };
		4481809D25F67BBA0073E413 /* GroceryAppTests.swift in Sources */ = {isa = PBXBuildFile; fileRef = 4481809C25F67BBA0073E413 /* GroceryAppTests.swift */; };
		448180A825F67BBA0073E413 /* GroceryAppUITests.swift in Sources */ = {isa = PBXBuildFile; fileRef = 448180A725F67BBA0073E413 /* GroceryAppUITests.swift */; };
/* End PBXBuildFile section */

/* Begin PBXContainerItemProxy section */
		4481809925F67BBA0073E413 /* PBXContainerItemProxy */ = {
			isa = PBXContainerItemProxy;
			containerPortal = 4481807A25F67BB90073E413 /* Project object */;
			proxyType = 1;
			remoteGlobalIDString = 4481808125F67BB90073E413;
			remoteInfo = GroceryApp;
		};
		448180A425F67BBA0073E413 /* PBXContainerItemProxy */ = {
			isa = PBXContainerItemProxy;
			containerPortal = 4481807A25F67BB90073E413 /* Project object */;
			proxyType = 1;
			remoteGlobalIDString = 4481808125F67BB90073E413;
			remoteInfo = GroceryApp;
		};
/* End PBXContainerItemProxy section */

/* Begin PBXFileReference section */
		4481808225F67BB90073E413 /* GroceryApp.app */ = {isa = PBXFileReference; explicitFileType = wrapper.application; includeInIndex = 0; path = GroceryApp.app; sourceTree = BUILT_PRODUCTS_DIR; };
		4481808525F67BB90073E413 /* AppDelegate.swift */ = {isa = PBXFileReference; lastKnownFileType = sourcecode.swift; path = AppDelegate.swift; sourceTree = "<group>"; };
		4481808725F67BB90073E413 /* SceneDelegate.swift */ = {isa = PBXFileReference; lastKnownFileType = sourcecode.swift; path = SceneDelegate.swift; sourceTree = "<group>"; };
		4481808925F67BB90073E413 /* ViewController.swift */ = {isa = PBXFileReference; lastKnownFileType = sourcecode.swift; path = ViewController.swift; sourceTree = "<group>"; };
		4481808C25F67BB90073E413 /* Base */ = {isa = PBXFileReference; lastKnownFileType = file.storyboard; name = Base; path = Base.lproj/Main.storyboard; sourceTree = "<group>"; };
		4481808E25F67BB90073E413 /* Assets.xcassets */ = {isa = PBXFileReference; lastKnownFileType = folder.assetcatalog; path = Assets.xcassets; sourceTree = "<group>"; };
		4481809125F67BB90073E413 /* Base */ = {isa = PBXFileReference; lastKnownFileType = file.storyboard; name = Base; path = Base.lproj/LaunchScreen.storyboard; sourceTree = "<group>"; };
		4481809325F67BB90073E413 /* Info.plist */ = {isa = PBXFileReference; lastKnownFileType = text.plist.xml; path = Info.plist; sourceTree = "<group>"; };
		4481809825F67BBA0073E413 /* GroceryAppTests.xctest */ = {isa = PBXFileReference; explicitFileType = wrapper.cfbundle; includeInIndex = 0; path = GroceryAppTests.xctest; sourceTree = BUILT_PRODUCTS_DIR; };
		4481809C25F67BBA0073E413 /* GroceryAppTests.swift */ = {isa = PBXFileReference; lastKnownFileType = sourcecode.swift; path = GroceryAppTests.swift; sourceTree = "<group>"; };
		4481809E25F67BBA0073E413 /* Info.plist */ = {isa = PBXFileReference; lastKnownFileType = text.plist.xml; path = Info.plist; sourceTree = "<group>"; };
		448180A325F67BBA0073E413 /* GroceryAppUITests.xctest */ = {isa = PBXFileReference; explicitFileType = wrapper.cfbundle; includeInIndex = 0; path = GroceryAppUITests.xctest; sourceTree = BUILT_PRODUCTS_DIR; };
		448180A725F67BBA0073E413 /* GroceryAppUITests.swift */ = {isa = PBXFileReference; lastKnownFileType = sourcecode.swift; path = GroceryAppUITests.swift; sourceTree = "<group>"; };
		448180A925F67BBA0073E413 /* Info.plist */ = {isa = PBXFileReference; lastKnownFileType = text.plist.xml; path = Info.plist; sourceTree = "<group>"; };
/* End PBXFileReference section */

/* Begin PBXFrameworksBuildPhase section */
		4481807F25F67BB90073E413 /* Frameworks */ = {
			isa = PBXFrameworksBuildPhase;
			buildActionMask = 2147483647;
			files = (
			);
			runOnlyForDeploymentPostprocessing = 0;
		};
		4481809525F67BBA0073E413 /* Frameworks */ = {
			isa = PBXFrameworksBuildPhase;
			buildActionMask = 2147483647;
			files = (
			);
			runOnlyForDeploymentPostprocessing = 0;
		};
		448180A025F67BBA0073E413 /* Frameworks */ = {
			isa = PBXFrameworksBuildPhase;
			buildActionMask = 2147483647;
			files = (
			);
			runOnlyForDeploymentPostprocessing = 0;
		};
/* End PBXFrameworksBuildPhase section */

/* Begin PBXGroup section */
		4481807925F67BB90073E413 = {
			isa = PBXGroup;
			children = (
				4481808425F67BB90073E413 /* GroceryApp */,
				4481809B25F67BBA0073E413 /* GroceryAppTests */,
				448180A625F67BBA0073E413 /* GroceryAppUITests */,
				4481808325F67BB90073E413 /* Products */,
			);
			sourceTree = "<group>";
		};
		4481808325F67BB90073E413 /* Products */ = {
			isa = PBXGroup;
			children = (
				4481808225F67BB90073E413 /* GroceryApp.app */,
				4481809825F67BBA0073E413 /* GroceryAppTests.xctest */,
				448180A325F67BBA0073E413 /* GroceryAppUITests.xctest */,
			);
			name = Products;
			sourceTree = "<group>";
		};
		4481808425F67BB90073E413 /* GroceryApp */ = {
			isa = PBXGroup;
			children = (
				4481808525F67BB90073E413 /* AppDelegate.swift */,
				4481808725F67BB90073E413 /* SceneDelegate.swift */,
				4481808925F67BB90073E413 /* ViewController.swift */,
				4481808B25F67BB90073E413 /* Main.storyboard */,
				4481808E25F67BB90073E413 /* Assets.xcassets */,
				4481809025F67BB90073E413 /* LaunchScreen.storyboard */,
				4481809325F67BB90073E413 /* Info.plist */,
			);
			path = GroceryApp;
			sourceTree = "<group>";
		};
		4481809B25F67BBA0073E413 /* GroceryAppTests */ = {
			isa = PBXGroup;
			children = (
				4481809C25F67BBA0073E413 /* GroceryAppTests.swift */,
				4481809E25F67BBA0073E413 /* Info.plist */,
			);
			path = GroceryAppTests;
			sourceTree = "<group>";
		};
		448180A625F67BBA0073E413 /* GroceryAppUITests */ = {
			isa = PBXGroup;
			children = (
				448180A725F67BBA0073E413 /* GroceryAppUITests.swift */,
				448180A925F67BBA0073E413 /* Info.plist */,
			);
			path = GroceryAppUITests;
			sourceTree = "<group>";
		};
/* End PBXGroup section */

/* Begin PBXNativeTarget section */
		4481808125F67BB90073E413 /* GroceryApp */ = {
			isa = PBXNativeTarget;
			buildConfigurationList = 448180AC25F67BBA0073E413 /* Build configuration list for PBXNativeTarget "GroceryApp" */;
			buildPhases = (
				4481807E25F67BB90073E413 /* Sources */,
				4481807F25F67BB90073E413 /* Frameworks */,
				4481808025F67BB90073E413 /* Resources */,
			);
			buildRules = (
			);
			dependencies = (
			);
			name = GroceryApp;
			productName = GroceryApp;
			productReference = 4481808225F67BB90073E413 /* GroceryApp.app */;
			productType = "com.apple.product-type.application";
		};
		4481809725F67BBA0073E413 /* GroceryAppTests */ = {
			isa = PBXNativeTarget;
			buildConfigurationList = 448180AF25F67BBA0073E413 /* Build configuration list for PBXNativeTarget "GroceryAppTests" */;
			buildPhases = (
				4481809425F67BBA0073E413 /* Sources */,
				4481809525F67BBA0073E413 /* Frameworks */,
				4481809625F67BBA0073E413 /* Resources */,
			);
			buildRules = (
			);
			dependencies = (
				4481809A25F67BBA0073E413 /* PBXTargetDependency */,
			);
			name = GroceryAppTests;
			productName = GroceryAppTests;
			productReference = 4481809825F67BBA0073E413 /* GroceryAppTests.xctest */;
			productType = "com.apple.product-type.bundle.unit-test";
		};
		448180A225F67BBA0073E413 /* GroceryAppUITests */ = {
			isa = PBXNativeTarget;
			buildConfigurationList = 448180B225F67BBA0073E413 /* Build configuration list for PBXNativeTarget "GroceryAppUITests" */;
			buildPhases = (
				4481809F25F67BBA0073E413 /* Sources */,
				448180A025F67BBA0073E413 /* Frameworks */,
				448180A125F67BBA0073E413 /* Resources */,
			);
			buildRules = (
			);
			dependencies = (
				448180A525F67BBA0073E413 /* PBXTargetDependency */,
			);
			name = GroceryAppUITests;
			productName = GroceryAppUITests;
			productReference = 448180A325F67BBA0073E413 /* GroceryAppUITests.xctest */;
			productType = "com.apple.product-type.bundle.ui-testing";
		};
/* End PBXNativeTarget section */

/* Begin PBXProject section */
		4481807A25F67BB90073E413 /* Project object */ = {
			isa = PBXProject;
			attributes = {
				LastSwiftUpdateCheck = 1120;
				LastUpgradeCheck = 1120;
				ORGANIZATIONNAME = "Colin Quelle";
				TargetAttributes = {
					4481808125F67BB90073E413 = {
						CreatedOnToolsVersion = 11.2.1;
					};
					4481809725F67BBA0073E413 = {
						CreatedOnToolsVersion = 11.2.1;
						TestTargetID = 4481808125F67BB90073E413;
					};
					448180A225F67BBA0073E413 = {
						CreatedOnToolsVersion = 11.2.1;
						TestTargetID = 4481808125F67BB90073E413;
					};
				};
			};
			buildConfigurationList = 4481807D25F67BB90073E413 /* Build configuration list for PBXProject "GroceryApp" */;
			compatibilityVersion = "Xcode 9.3";
			developmentRegion = en;
			hasScannedForEncodings = 0;
			knownRegions = (
				en,
				Base,
			);
			mainGroup = 4481807925F67BB90073E413;
			productRefGroup = 4481808325F67BB90073E413 /* Products */;
			projectDirPath = "";
			projectRoot = "";
			targets = (
				4481808125F67BB90073E413 /* GroceryApp */,
				4481809725F67BBA0073E413 /* GroceryAppTests */,
				448180A225F67BBA0073E413 /* GroceryAppUITests */,
			);
		};
/* End PBXProject section */

/* Begin PBXResourcesBuildPhase section */
		4481808025F67BB90073E413 /* Resources */ = {
			isa = PBXResourcesBuildPhase;
			buildActionMask = 2147483647;
			files = (
				4481809225F67BB90073E413 /* LaunchScreen.storyboard in Resources */,
				4481808F25F67BB90073E413 /* Assets.xcassets in Resources */,
				4481808D25F67BB90073E413 /* Main.storyboard in Resources */,
			);
			runOnlyForDeploymentPostprocessing = 0;
		};
		4481809625F67BBA0073E413 /* Resources */ = {
			isa = PBXResourcesBuildPhase;
			buildActionMask = 2147483647;
			files = (
			);
			runOnlyForDeploymentPostprocessing = 0;
		};
		448180A125F67BBA0073E413 /* Resources */ = {
			isa = PBXResourcesBuildPhase;
			buildActionMask = 2147483647;
			files = (
			);
			runOnlyForDeploymentPostprocessing = 0;
		};
/* End PBXResourcesBuildPhase section */

/* Begin PBXSourcesBuildPhase section */
		4481807E25F67BB90073E413 /* Sources */ = {
			isa = PBXSourcesBuildPhase;
			buildActionMask = 2147483647;
			files = (
				4481808A25F67BB90073E413 /* ViewController.swift in Sources */,
				4481808625F67BB90073E413 /* AppDelegate.swift in Sources */,
				4481808825F67BB90073E413 /* SceneDelegate.swift in Sources */,
			);
			runOnlyForDeploymentPostprocessing = 0;
		};
		4481809425F67BBA0073E413 /* Sources */ = {
			isa = PBXSourcesBuildPhase;
			buildActionMask = 2147483647;
			files = (
				4481809D25F67BBA0073E413 /* GroceryAppTests.swift in Sources */,
			);
			runOnlyForDeploymentPostprocessing = 0;
		};
		4481809F25F67BBA0073E413 /* Sources */ = {
			isa = PBXSourcesBuildPhase;
			buildActionMask = 2147483647;
			files = (
				448180A825F67BBA0073E413 /* GroceryAppUITests.swift in Sources */,
			);
			runOnlyForDeploymentPostprocessing = 0;
		};
/* End PBXSourcesBuildPhase section */

/* Begin PBXTargetDependency section */
		4481809A25F67BBA0073E413 /* PBXTargetDependency */ = {
			isa = PBXTargetDependency;
			target = 4481808125F67BB90073E413 /* GroceryApp */;
			targetProxy = 4481809925F67BBA0073E413 /* PBXContainerItemProxy */;
		};
		448180A525F67BBA0073E413 /* PBXTargetDependency */ = {
			isa = PBXTargetDependency;
			target = 4481808125F67BB90073E413 /* GroceryApp */;
			targetProxy = 448180A425F67BBA0073E413 /* PBXContainerItemProxy */;
		};
/* End PBXTargetDependency section */

/* Begin PBXVariantGroup section */
		4481808B25F67BB90073E413 /* Main.storyboard */ = {
			isa = PBXVariantGroup;
			children = (
				4481808C25F67BB90073E413 /* Base */,
			);
			name = Main.storyboard;
			sourceTree = "<group>";
		};
		4481809025F67BB90073E413 /* LaunchScreen.storyboard */ = {
			isa = PBXVariantGroup;
			children = (
				4481809125F67BB90073E413 /* Base */,
			);
			name = LaunchScreen.storyboard;
			sourceTree = "<group>";
		};
/* End PBXVariantGroup section */

/* Begin XCBuildConfiguration section */
		448180AA25F67BBA0073E413 /* Debug */ = {
			isa = XCBuildConfiguration;
			buildSettings = {
				ALWAYS_SEARCH_USER_PATHS = NO;
				CLANG_ANALYZER_NONNULL = YES;
				CLANG_ANALYZER_NUMBER_OBJECT_CONVERSION = YES_AGGRESSIVE;
				CLANG_CXX_LANGUAGE_STANDARD = "gnu++14";
				CLANG_CXX_LIBRARY = "libc++";
				CLANG_ENABLE_MODULES = YES;
				CLANG_ENABLE_OBJC_ARC = YES;
				CLANG_ENABLE_OBJC_WEAK = YES;
				CLANG_WARN_BLOCK_CAPTURE_AUTORELEASING = YES;
				CLANG_WARN_BOOL_CONVERSION = YES;
				CLANG_WARN_COMMA = YES;
				CLANG_WARN_CONSTANT_CONVERSION = YES;
				CLANG_WARN_DEPRECATED_OBJC_IMPLEMENTATIONS = YES;
				CLANG_WARN_DIRECT_OBJC_ISA_USAGE = YES_ERROR;
				CLANG_WARN_DOCUMENTATION_COMMENTS = YES;
				CLANG_WARN_EMPTY_BODY = YES;
				CLANG_WARN_ENUM_CONVERSION = YES;
				CLANG_WARN_INFINITE_RECURSION = YES;
				CLANG_WARN_INT_CONVERSION = YES;
				CLANG_WARN_NON_LITERAL_NULL_CONVERSION = YES;
				CLANG_WARN_OBJC_IMPLICIT_RETAIN_SELF = YES;
				CLANG_WARN_OBJC_LITERAL_CONVERSION = YES;
				CLANG_WARN_OBJC_ROOT_CLASS = YES_ERROR;
				CLANG_WARN_RANGE_LOOP_ANALYSIS = YES;
				CLANG_WARN_STRICT_PROTOTYPES = YES;
				CLANG_WARN_SUSPICIOUS_MOVE = YES;
				CLANG_WARN_UNGUARDED_AVAILABILITY = YES_AGGRESSIVE;
				CLANG_WARN_UNREACHABLE_CODE = YES;
				CLANG_WARN__DUPLICATE_METHOD_MATCH = YES;
				COPY_PHASE_STRIP = NO;
				DEBUG_INFORMATION_FORMAT = dwarf;
				ENABLE_STRICT_OBJC_MSGSEND = YES;
				ENABLE_TESTABILITY = YES;
				GCC_C_LANGUAGE_STANDARD = gnu11;
				GCC_DYNAMIC_NO_PIC = NO;
				GCC_NO_COMMON_BLOCKS = YES;
				GCC_OPTIMIZATION_LEVEL = 0;
				GCC_PREPROCESSOR_DEFINITIONS = (
					"DEBUG=1",
					"$(inherited)",
				);
				GCC_WARN_64_TO_32_BIT_CONVERSION = YES;
				GCC_WARN_ABOUT_RETURN_TYPE = YES_ERROR;
				GCC_WARN_UNDECLARED_SELECTOR = YES;
				GCC_WARN_UNINITIALIZED_AUTOS = YES_AGGRESSIVE;
				GCC_WARN_UNUSED_FUNCTION = YES;
				GCC_WARN_UNUSED_VARIABLE = YES;
				IPHONEOS_DEPLOYMENT_TARGET = 13.2;
				MTL_ENABLE_DEBUG_INFO = INCLUDE_SOURCE;
				MTL_FAST_MATH = YES;
				ONLY_ACTIVE_ARCH = YES;
				SDKROOT = iphoneos;
				SWIFT_ACTIVE_COMPILATION_CONDITIONS = DEBUG;
				SWIFT_OPTIMIZATION_LEVEL = "-Onone";
			};
			name = Debug;
		};
		448180AB25F67BBA0073E413 /* Release */ = {
			isa = XCBuildConfiguration;
			buildSettings = {
				ALWAYS_SEARCH_USER_PATHS = NO;
				CLANG_ANALYZER_NONNULL = YES;
				CLANG_ANALYZER_NUMBER_OBJECT_CONVERSION = YES_AGGRESSIVE;
				CLANG_CXX_LANGUAGE_STANDARD = "gnu++14";
				CLANG_CXX_LIBRARY = "libc++";
				CLANG_ENABLE_MODULES = YES;
				CLANG_ENABLE_OBJC_ARC = YES;
				CLANG_ENABLE_OBJC_WEAK = YES;
				CLANG_WARN_BLOCK_CAPTURE_AUTORELEASING = YES;
				CLANG_WARN_BOOL_CONVERSION = YES;
				CLANG_WARN_COMMA = YES;
				CLANG_WARN_CONSTANT_CONVERSION = YES;
				CLANG_WARN_DEPRECATED_OBJC_IMPLEMENTATIONS = YES;
				CLANG_WARN_DIRECT_OBJC_ISA_USAGE = YES_ERROR;
				CLANG_WARN_DOCUMENTATION_COMMENTS = YES;
				CLANG_WARN_EMPTY_BODY = YES;
				CLANG_WARN_ENUM_CONVERSION = YES;
				CLANG_WARN_INFINITE_RECURSION = YES;
				CLANG_WARN_INT_CONVERSION = YES;
				CLANG_WARN_NON_LITERAL_NULL_CONVERSION = YES;
				CLANG_WARN_OBJC_IMPLICIT_RETAIN_SELF = YES;
				CLANG_WARN_OBJC_LITERAL_CONVERSION = YES;
				CLANG_WARN_OBJC_ROOT_CLASS = YES_ERROR;
				CLANG_WARN_RANGE_LOOP_ANALYSIS = YES;
				CLANG_WARN_STRICT_PROTOTYPES = YES;
				CLANG_WARN_SUSPICIOUS_MOVE = YES;
				CLANG_WARN_UNGUARDED_AVAILABILITY = YES_AGGRESSIVE;
				CLANG_WARN_UNREACHABLE_CODE = YES;
				CLANG_WARN__DUPLICATE_METHOD_MATCH = YES;
				COPY_PHASE_STRIP = NO;
				DEBUG_INFORMATION_FORMAT = "dwarf-with-dsym";
				ENABLE_NS_ASSERTIONS = NO;
				ENABLE_STRICT_OBJC_MSGSEND = YES;
				GCC_C_LANGUAGE_STANDARD = gnu11;
				GCC_NO_COMMON_BLOCKS = YES;
				GCC_WARN_64_TO_32_BIT_CONVERSION = YES;
				GCC_WARN_ABOUT_RETURN_TYPE = YES_ERROR;
				GCC_WARN_UNDECLARED_SELECTOR = YES;
				GCC_WARN_UNINITIALIZED_AUTOS = YES_AGGRESSIVE;
				GCC_WARN_UNUSED_FUNCTION = YES;
				GCC_WARN_UNUSED_VARIABLE = YES;
				IPHONEOS_DEPLOYMENT_TARGET = 13.2;
				MTL_ENABLE_DEBUG_INFO = NO;
				MTL_FAST_MATH = YES;
				SDKROOT = iphoneos;
				SWIFT_COMPILATION_MODE = wholemodule;
				SWIFT_OPTIMIZATION_LEVEL = "-O";
				VALIDATE_PRODUCT = YES;
			};
			name = Release;
		};
		448180AD25F67BBA0073E413 /* Debug */ = {
			isa = XCBuildConfiguration;
			buildSettings = {
				ASSETCATALOG_COMPILER_APPICON_NAME = AppIcon;
				CODE_SIGN_STYLE = Automatic;
				INFOPLIST_FILE = GroceryApp/Info.plist;
				LD_RUNPATH_SEARCH_PATHS = (
					"$(inherited)",
					"@executable_path/Frameworks",
				);
				PRODUCT_BUNDLE_IDENTIFIER = com.ColinQuelle.GroceryApp;
				PRODUCT_NAME = "$(TARGET_NAME)";
				SWIFT_VERSION = 5.0;
				TARGETED_DEVICE_FAMILY = "1,2";
			};
			name = Debug;
		};
		448180AE25F67BBA0073E413 /* Release */ = {
			isa = XCBuildConfiguration;
			buildSettings = {
				ASSETCATALOG_COMPILER_APPICON_NAME = AppIcon;
				CODE_SIGN_STYLE = Automatic;
				INFOPLIST_FILE = GroceryApp/Info.plist;
				LD_RUNPATH_SEARCH_PATHS = (
					"$(inherited)",
					"@executable_path/Frameworks",
				);
				PRODUCT_BUNDLE_IDENTIFIER = com.ColinQuelle.GroceryApp;
				PRODUCT_NAME = "$(TARGET_NAME)";
				SWIFT_VERSION = 5.0;
				TARGETED_DEVICE_FAMILY = "1,2";
			};
			name = Release;
		};
		448180B025F67BBA0073E413 /* Debug */ = {
			isa = XCBuildConfiguration;
			buildSettings = {
				ALWAYS_EMBED_SWIFT_STANDARD_LIBRARIES = YES;
				BUNDLE_LOADER = "$(TEST_HOST)";
				CODE_SIGN_STYLE = Automatic;
				INFOPLIST_FILE = GroceryAppTests/Info.plist;
				IPHONEOS_DEPLOYMENT_TARGET = 13.2;
				LD_RUNPATH_SEARCH_PATHS = (
					"$(inherited)",
					"@executable_path/Frameworks",
					"@loader_path/Frameworks",
				);
				PRODUCT_BUNDLE_IDENTIFIER = com.ColinQuelle.GroceryAppTests;
				PRODUCT_NAME = "$(TARGET_NAME)";
				SWIFT_VERSION = 5.0;
				TARGETED_DEVICE_FAMILY = "1,2";
				TEST_HOST = "$(BUILT_PRODUCTS_DIR)/GroceryApp.app/GroceryApp";
			};
			name = Debug;
		};
		448180B125F67BBA0073E413 /* Release */ = {
			isa = XCBuildConfiguration;
			buildSettings = {
				ALWAYS_EMBED_SWIFT_STANDARD_LIBRARIES = YES;
				BUNDLE_LOADER = "$(TEST_HOST)";
				CODE_SIGN_STYLE = Automatic;
				INFOPLIST_FILE = GroceryAppTests/Info.plist;
				IPHONEOS_DEPLOYMENT_TARGET = 13.2;
				LD_RUNPATH_SEARCH_PATHS = (
					"$(inherited)",
					"@executable_path/Frameworks",
					"@loader_path/Frameworks",
				);
				PRODUCT_BUNDLE_IDENTIFIER = com.ColinQuelle.GroceryAppTests;
				PRODUCT_NAME = "$(TARGET_NAME)";
				SWIFT_VERSION = 5.0;
				TARGETED_DEVICE_FAMILY = "1,2";
				TEST_HOST = "$(BUILT_PRODUCTS_DIR)/GroceryApp.app/GroceryApp";
			};
			name = Release;
		};
		448180B325F67BBA0073E413 /* Debug */ = {
			isa = XCBuildConfiguration;
			buildSettings = {
				ALWAYS_EMBED_SWIFT_STANDARD_LIBRARIES = YES;
				CODE_SIGN_STYLE = Automatic;
				INFOPLIST_FILE = GroceryAppUITests/Info.plist;
				LD_RUNPATH_SEARCH_PATHS = (
					"$(inherited)",
					"@executable_path/Frameworks",
					"@loader_path/Frameworks",
				);
				PRODUCT_BUNDLE_IDENTIFIER = com.ColinQuelle.GroceryAppUITests;
				PRODUCT_NAME = "$(TARGET_NAME)";
				SWIFT_VERSION = 5.0;
				TARGETED_DEVICE_FAMILY = "1,2";
				TEST_TARGET_NAME = GroceryApp;
			};
			name = Debug;
		};
		448180B425F67BBA0073E413 /* Release */ = {
			isa = XCBuildConfiguration;
			buildSettings = {
				ALWAYS_EMBED_SWIFT_STANDARD_LIBRARIES = YES;
				CODE_SIGN_STYLE = Automatic;
				INFOPLIST_FILE = GroceryAppUITests/Info.plist;
				LD_RUNPATH_SEARCH_PATHS = (
					"$(inherited)",
					"@executable_path/Frameworks",
					"@loader_path/Frameworks",
				);
				PRODUCT_BUNDLE_IDENTIFIER = com.ColinQuelle.GroceryAppUITests;
				PRODUCT_NAME = "$(TARGET_NAME)";
				SWIFT_VERSION = 5.0;
				TARGETED_DEVICE_FAMILY = "1,2";
				TEST_TARGET_NAME = GroceryApp;
			};
			name = Release;
		};
/* End XCBuildConfiguration section */

/* Begin XCConfigurationList section */
		4481807D25F67BB90073E413 /* Build configuration list for PBXProject "GroceryApp" */ = {
			isa = XCConfigurationList;
			buildConfigurations = (
				448180AA25F67BBA0073E413 /* Debug */,
				448180AB25F67BBA0073E413 /* Release */,
			);
			defaultConfigurationIsVisible = 0;
			defaultConfigurationName = Release;
		};
		448180AC25F67BBA0073E413 /* Build configuration list for PBXNativeTarget "GroceryApp" */ = {
			isa = XCConfigurationList;
			buildConfigurations = (
				448180AD25F67BBA0073E413 /* Debug */,
				448180AE25F67BBA0073E413 /* Release */,
			);
			defaultConfigurationIsVisible = 0;
			defaultConfigurationName = Release;
		};
		448180AF25F67BBA0073E413 /* Build configuration list for PBXNativeTarget "GroceryAppTests" */ = {
			isa = XCConfigurationList;
			buildConfigurations = (
				448180B025F67BBA0073E413 /* Debug */,
				448180B125F67BBA0073E413 /* Release */,
			);
			defaultConfigurationIsVisible = 0;
			defaultConfigurationName = Release;
		};
		448180B225F67BBA0073E413 /* Build configuration list for PBXNativeTarget "GroceryAppUITests" */ = {
			isa = XCConfigurationList;
			buildConfigurations = (
				448180B325F67BBA0073E413 /* Debug */,
				448180B425F67BBA0073E413 /* Release */,
			);
			defaultConfigurationIsVisible = 0;
			defaultConfigurationName = Release;
		};
/* End XCConfigurationList section */
	};
	rootObject = 4481807A25F67BB90073E413 /* Project object */;
}
